// !$*UTF8*$!
{
	archiveVersion = 1;
	classes = {
	};
	objectVersion = 55;
	objects = {

/* Begin PBXBuildFile section */
		7B4B2EC7288D332D0081098B /* AppDelegate.swift in Sources */ = {isa = PBXBuildFile; fileRef = 7B4B2EC6288D332D0081098B /* AppDelegate.swift */; };
		7B4B2EC9288D332D0081098B /* SceneDelegate.swift in Sources */ = {isa = PBXBuildFile; fileRef = 7B4B2EC8288D332D0081098B /* SceneDelegate.swift */; };
		7B4B2ECB288D332D0081098B /* ViewController.swift in Sources */ = {isa = PBXBuildFile; fileRef = 7B4B2ECA288D332D0081098B /* ViewController.swift */; };
		7B4B2ECE288D332D0081098B /* Main.storyboard in Resources */ = {isa = PBXBuildFile; fileRef = 7B4B2ECC288D332D0081098B /* Main.storyboard */; };
		7B4B2ED0288D33360081098B /* Assets.xcassets in Resources */ = {isa = PBXBuildFile; fileRef = 7B4B2ECF288D33360081098B /* Assets.xcassets */; };
		7B4B2ED3288D33360081098B /* LaunchScreen.storyboard in Resources */ = {isa = PBXBuildFile; fileRef = 7B4B2ED1288D33360081098B /* LaunchScreen.storyboard */; };
		7B4B2EE8288D33370081098B /* OutletConnectiionsUITests.swift in Sources */ = {isa = PBXBuildFile; fileRef = 7B4B2EE7288D33370081098B /* OutletConnectiionsUITests.swift */; };
		7B4B2EEA288D33370081098B /* OutletConnectiionsUITestsLaunchTests.swift in Sources */ = {isa = PBXBuildFile; fileRef = 7B4B2EE9288D33370081098B /* OutletConnectiionsUITestsLaunchTests.swift */; };
		7B4B2EF8288D33A80081098B /* OutletConnetionsViewController.swift in Sources */ = {isa = PBXBuildFile; fileRef = 7B4B2EF6288D33A80081098B /* OutletConnetionsViewController.swift */; };
		7B4B2EF9288D33A80081098B /* OutletConnetionsViewController.xib in Resources */ = {isa = PBXBuildFile; fileRef = 7B4B2EF7288D33A80081098B /* OutletConnetionsViewController.xib */; };
		7B4B2EFE288D35FF0081098B /* OutletConnectionsViewControllerTests.swift in Sources */ = {isa = PBXBuildFile; fileRef = 7B4B2EFD288D35FF0081098B /* OutletConnectionsViewControllerTests.swift */; };
/* End PBXBuildFile section */

/* Begin PBXContainerItemProxy section */
		7B4B2EDA288D33370081098B /* PBXContainerItemProxy */ = {
			isa = PBXContainerItemProxy;
			containerPortal = 7B4B2EBB288D332D0081098B /* Project object */;
			proxyType = 1;
			remoteGlobalIDString = 7B4B2EC2288D332D0081098B;
			remoteInfo = OutletConnectiions;
		};
		7B4B2EE4288D33370081098B /* PBXContainerItemProxy */ = {
			isa = PBXContainerItemProxy;
			containerPortal = 7B4B2EBB288D332D0081098B /* Project object */;
			proxyType = 1;
			remoteGlobalIDString = 7B4B2EC2288D332D0081098B;
			remoteInfo = OutletConnectiions;
		};
/* End PBXContainerItemProxy section */

/* Begin PBXFileReference section */
		7B4B2EC3288D332D0081098B /* OutletConnectiions.app */ = {isa = PBXFileReference; explicitFileType = wrapper.application; includeInIndex = 0; path = OutletConnectiions.app; sourceTree = BUILT_PRODUCTS_DIR; };
		7B4B2EC6288D332D0081098B /* AppDelegate.swift */ = {isa = PBXFileReference; lastKnownFileType = sourcecode.swift; path = AppDelegate.swift; sourceTree = "<group>"; };
		7B4B2EC8288D332D0081098B /* SceneDelegate.swift */ = {isa = PBXFileReference; lastKnownFileType = sourcecode.swift; path = SceneDelegate.swift; sourceTree = "<group>"; };
		7B4B2ECA288D332D0081098B /* ViewController.swift */ = {isa = PBXFileReference; lastKnownFileType = sourcecode.swift; path = ViewController.swift; sourceTree = "<group>"; };
		7B4B2ECD288D332D0081098B /* Base */ = {isa = PBXFileReference; lastKnownFileType = file.storyboard; name = Base; path = Base.lproj/Main.storyboard; sourceTree = "<group>"; };
		7B4B2ECF288D33360081098B /* Assets.xcassets */ = {isa = PBXFileReference; lastKnownFileType = folder.assetcatalog; path = Assets.xcassets; sourceTree = "<group>"; };
		7B4B2ED2288D33360081098B /* Base */ = {isa = PBXFileReference; lastKnownFileType = file.storyboard; name = Base; path = Base.lproj/LaunchScreen.storyboard; sourceTree = "<group>"; };
		7B4B2ED4288D33360081098B /* Info.plist */ = {isa = PBXFileReference; lastKnownFileType = text.plist.xml; path = Info.plist; sourceTree = "<group>"; };
		7B4B2ED9288D33370081098B /* OutletConnectiionsTests.xctest */ = {isa = PBXFileReference; explicitFileType = wrapper.cfbundle; includeInIndex = 0; path = OutletConnectiionsTests.xctest; sourceTree = BUILT_PRODUCTS_DIR; };
		7B4B2EE3288D33370081098B /* OutletConnectiionsUITests.xctest */ = {isa = PBXFileReference; explicitFileType = wrapper.cfbundle; includeInIndex = 0; path = OutletConnectiionsUITests.xctest; sourceTree = BUILT_PRODUCTS_DIR; };
		7B4B2EE7288D33370081098B /* OutletConnectiionsUITests.swift */ = {isa = PBXFileReference; lastKnownFileType = sourcecode.swift; path = OutletConnectiionsUITests.swift; sourceTree = "<group>"; };
		7B4B2EE9288D33370081098B /* OutletConnectiionsUITestsLaunchTests.swift */ = {isa = PBXFileReference; lastKnownFileType = sourcecode.swift; path = OutletConnectiionsUITestsLaunchTests.swift; sourceTree = "<group>"; };
		7B4B2EF6288D33A80081098B /* OutletConnetionsViewController.swift */ = {isa = PBXFileReference; lastKnownFileType = sourcecode.swift; path = OutletConnetionsViewController.swift; sourceTree = "<group>"; };
		7B4B2EF7288D33A80081098B /* OutletConnetionsViewController.xib */ = {isa = PBXFileReference; lastKnownFileType = file.xib; path = OutletConnetionsViewController.xib; sourceTree = "<group>"; };
		7B4B2EFD288D35FF0081098B /* OutletConnectionsViewControllerTests.swift */ = {isa = PBXFileReference; lastKnownFileType = sourcecode.swift; path = OutletConnectionsViewControllerTests.swift; sourceTree = "<group>"; };
/* End PBXFileReference section */

/* Begin PBXFrameworksBuildPhase section */
		7B4B2EC0288D332D0081098B /* Frameworks */ = {
			isa = PBXFrameworksBuildPhase;
			buildActionMask = 2147483647;
			files = (
			);
			runOnlyForDeploymentPostprocessing = 0;
		};
		7B4B2ED6288D33370081098B /* Frameworks */ = {
			isa = PBXFrameworksBuildPhase;
			buildActionMask = 2147483647;
			files = (
			);
			runOnlyForDeploymentPostprocessing = 0;
		};
		7B4B2EE0288D33370081098B /* Frameworks */ = {
			isa = PBXFrameworksBuildPhase;
			buildActionMask = 2147483647;
			files = (
			);
			runOnlyForDeploymentPostprocessing = 0;
		};
/* End PBXFrameworksBuildPhase section */

/* Begin PBXGroup section */
		7B4B2EBA288D332D0081098B = {
			isa = PBXGroup;
			children = (
				7B4B2EC5288D332D0081098B /* OutletConnectiions */,
				7B4B2EDC288D33370081098B /* OutletConnectiionsTests */,
				7B4B2EE6288D33370081098B /* OutletConnectiionsUITests */,
				7B4B2EC4288D332D0081098B /* Products */,
			);
			sourceTree = "<group>";
		};
		7B4B2EC4288D332D0081098B /* Products */ = {
			isa = PBXGroup;
			children = (
				7B4B2EC3288D332D0081098B /* OutletConnectiions.app */,
				7B4B2ED9288D33370081098B /* OutletConnectiionsTests.xctest */,
				7B4B2EE3288D33370081098B /* OutletConnectiionsUITests.xctest */,
			);
			name = Products;
			sourceTree = "<group>";
		};
		7B4B2EC5288D332D0081098B /* OutletConnectiions */ = {
			isa = PBXGroup;
			children = (
				7B4B2EC6288D332D0081098B /* AppDelegate.swift */,
				7B4B2EC8288D332D0081098B /* SceneDelegate.swift */,
				7B4B2ECA288D332D0081098B /* ViewController.swift */,
				7B4B2ECC288D332D0081098B /* Main.storyboard */,
				7B4B2ECF288D33360081098B /* Assets.xcassets */,
				7B4B2ED1288D33360081098B /* LaunchScreen.storyboard */,
				7B4B2ED4288D33360081098B /* Info.plist */,
				7B4B2EF6288D33A80081098B /* OutletConnetionsViewController.swift */,
				7B4B2EF7288D33A80081098B /* OutletConnetionsViewController.xib */,
			);
			path = OutletConnectiions;
			sourceTree = "<group>";
		};
		7B4B2EDC288D33370081098B /* OutletConnectiionsTests */ = {
			isa = PBXGroup;
			children = (
				7B4B2EFD288D35FF0081098B /* OutletConnectionsViewControllerTests.swift */,
			);
			path = OutletConnectiionsTests;
			sourceTree = "<group>";
		};
		7B4B2EE6288D33370081098B /* OutletConnectiionsUITests */ = {
			isa = PBXGroup;
			children = (
				7B4B2EE7288D33370081098B /* OutletConnectiionsUITests.swift */,
				7B4B2EE9288D33370081098B /* OutletConnectiionsUITestsLaunchTests.swift */,
			);
			path = OutletConnectiionsUITests;
			sourceTree = "<group>";
		};
/* End PBXGroup section */

/* Begin PBXNativeTarget section */
		7B4B2EC2288D332D0081098B /* OutletConnectiions */ = {
			isa = PBXNativeTarget;
			buildConfigurationList = 7B4B2EED288D33370081098B /* Build configuration list for PBXNativeTarget "OutletConnectiions" */;
			buildPhases = (
				7B4B2EBF288D332D0081098B /* Sources */,
				7B4B2EC0288D332D0081098B /* Frameworks */,
				7B4B2EC1288D332D0081098B /* Resources */,
			);
			buildRules = (
			);
			dependencies = (
			);
			name = OutletConnectiions;
			productName = OutletConnectiions;
			productReference = 7B4B2EC3288D332D0081098B /* OutletConnectiions.app */;
			productType = "com.apple.product-type.application";
		};
		7B4B2ED8288D33370081098B /* OutletConnectiionsTests */ = {
			isa = PBXNativeTarget;
			buildConfigurationList = 7B4B2EF0288D33370081098B /* Build configuration list for PBXNativeTarget "OutletConnectiionsTests" */;
			buildPhases = (
				7B4B2ED5288D33370081098B /* Sources */,
				7B4B2ED6288D33370081098B /* Frameworks */,
				7B4B2ED7288D33370081098B /* Resources */,
			);
			buildRules = (
			);
			dependencies = (
				7B4B2EDB288D33370081098B /* PBXTargetDependency */,
			);
			name = OutletConnectiionsTests;
			productName = OutletConnectiionsTests;
			productReference = 7B4B2ED9288D33370081098B /* OutletConnectiionsTests.xctest */;
			productType = "com.apple.product-type.bundle.unit-test";
		};
		7B4B2EE2288D33370081098B /* OutletConnectiionsUITests */ = {
			isa = PBXNativeTarget;
			buildConfigurationList = 7B4B2EF3288D33370081098B /* Build configuration list for PBXNativeTarget "OutletConnectiionsUITests" */;
			buildPhases = (
				7B4B2EDF288D33370081098B /* Sources */,
				7B4B2EE0288D33370081098B /* Frameworks */,
				7B4B2EE1288D33370081098B /* Resources */,
			);
			buildRules = (
			);
			dependencies = (
				7B4B2EE5288D33370081098B /* PBXTargetDependency */,
			);
			name = OutletConnectiionsUITests;
			productName = OutletConnectiionsUITests;
			productReference = 7B4B2EE3288D33370081098B /* OutletConnectiionsUITests.xctest */;
			productType = "com.apple.product-type.bundle.ui-testing";
		};
/* End PBXNativeTarget section */

/* Begin PBXProject section */
		7B4B2EBB288D332D0081098B /* Project object */ = {
			isa = PBXProject;
			attributes = {
				BuildIndependentTargetsInParallel = 1;
				LastSwiftUpdateCheck = 1340;
				LastUpgradeCheck = 1340;
				TargetAttributes = {
					7B4B2EC2288D332D0081098B = {
						CreatedOnToolsVersion = 13.4.1;
					};
					7B4B2ED8288D33370081098B = {
						CreatedOnToolsVersion = 13.4.1;
						LastSwiftMigration = 1340;
						TestTargetID = 7B4B2EC2288D332D0081098B;
					};
					7B4B2EE2288D33370081098B = {
						CreatedOnToolsVersion = 13.4.1;
						TestTargetID = 7B4B2EC2288D332D0081098B;
					};
				};
			};
			buildConfigurationList = 7B4B2EBE288D332D0081098B /* Build configuration list for PBXProject "OutletConnectiions" */;
			compatibilityVersion = "Xcode 13.0";
			developmentRegion = en;
			hasScannedForEncodings = 0;
			knownRegions = (
				en,
				Base,
			);
			mainGroup = 7B4B2EBA288D332D0081098B;
			productRefGroup = 7B4B2EC4288D332D0081098B /* Products */;
			projectDirPath = "";
			projectRoot = "";
			targets = (
				7B4B2EC2288D332D0081098B /* OutletConnectiions */,
				7B4B2ED8288D33370081098B /* OutletConnectiionsTests */,
				7B4B2EE2288D33370081098B /* OutletConnectiionsUITests */,
			);
		};
/* End PBXProject section */

/* Begin PBXResourcesBuildPhase section */
		7B4B2EC1288D332D0081098B /* Resources */ = {
			isa = PBXResourcesBuildPhase;
			buildActionMask = 2147483647;
			files = (
				7B4B2ED3288D33360081098B /* LaunchScreen.storyboard in Resources */,
				7B4B2ED0288D33360081098B /* Assets.xcassets in Resources */,
				7B4B2ECE288D332D0081098B /* Main.storyboard in Resources */,
				7B4B2EF9288D33A80081098B /* OutletConnetionsViewController.xib in Resources */,
			);
			runOnlyForDeploymentPostprocessing = 0;
		};
		7B4B2ED7288D33370081098B /* Resources */ = {
			isa = PBXResourcesBuildPhase;
			buildActionMask = 2147483647;
			files = (
			);
			runOnlyForDeploymentPostprocessing = 0;
		};
		7B4B2EE1288D33370081098B /* Resources */ = {
			isa = PBXResourcesBuildPhase;
			buildActionMask = 2147483647;
			files = (
			);
			runOnlyForDeploymentPostprocessing = 0;
		};
/* End PBXResourcesBuildPhase section */

/* Begin PBXSourcesBuildPhase section */
		7B4B2EBF288D332D0081098B /* Sources */ = {
			isa = PBXSourcesBuildPhase;
			buildActionMask = 2147483647;
			files = (
				7B4B2ECB288D332D0081098B /* ViewController.swift in Sources */,
				7B4B2EC7288D332D0081098B /* AppDelegate.swift in Sources */,
				7B4B2EC9288D332D0081098B /* SceneDelegate.swift in Sources */,
				7B4B2EF8288D33A80081098B /* OutletConnetionsViewController.swift in Sources */,
			);
			runOnlyForDeploymentPostprocessing = 0;
		};
		7B4B2ED5288D33370081098B /* Sources */ = {
			isa = PBXSourcesBuildPhase;
			buildActionMask = 2147483647;
			files = (
				7B4B2EFE288D35FF0081098B /* OutletConnectionsViewControllerTests.swift in Sources */,
			);
			runOnlyForDeploymentPostprocessing = 0;
		};
		7B4B2EDF288D33370081098B /* Sources */ = {
			isa = PBXSourcesBuildPhase;
			buildActionMask = 2147483647;
			files = (
				7B4B2EE8288D33370081098B /* OutletConnectiionsUITests.swift in Sources */,
				7B4B2EEA288D33370081098B /* OutletConnectiionsUITestsLaunchTests.swift in Sources */,
			);
			runOnlyForDeploymentPostprocessing = 0;
		};
/* End PBXSourcesBuildPhase section */

/* Begin PBXTargetDependency section */
		7B4B2EDB288D33370081098B /* PBXTargetDependency */ = {
			isa = PBXTargetDependency;
			target = 7B4B2EC2288D332D0081098B /* OutletConnectiions */;
			targetProxy = 7B4B2EDA288D33370081098B /* PBXContainerItemProxy */;
		};
		7B4B2EE5288D33370081098B /* PBXTargetDependency */ = {
			isa = PBXTargetDependency;
			target = 7B4B2EC2288D332D0081098B /* OutletConnectiions */;
			targetProxy = 7B4B2EE4288D33370081098B /* PBXContainerItemProxy */;
		};
/* End PBXTargetDependency section */

/* Begin PBXVariantGroup section */
		7B4B2ECC288D332D0081098B /* Main.storyboard */ = {
			isa = PBXVariantGroup;
			children = (
				7B4B2ECD288D332D0081098B /* Base */,
			);
			name = Main.storyboard;
			sourceTree = "<group>";
		};
		7B4B2ED1288D33360081098B /* LaunchScreen.storyboard */ = {
			isa = PBXVariantGroup;
			children = (
				7B4B2ED2288D33360081098B /* Base */,
			);
			name = LaunchScreen.storyboard;
			sourceTree = "<group>";
		};
/* End PBXVariantGroup section */

/* Begin XCBuildConfiguration section */
		7B4B2EEB288D33370081098B /* Debug */ = {
			isa = XCBuildConfiguration;
			buildSettings = {
				ALWAYS_SEARCH_USER_PATHS = NO;
				CLANG_ANALYZER_NONNULL = YES;
				CLANG_ANALYZER_NUMBER_OBJECT_CONVERSION = YES_AGGRESSIVE;
				CLANG_CXX_LANGUAGE_STANDARD = "gnu++17";
				CLANG_ENABLE_MODULES = YES;
				CLANG_ENABLE_OBJC_ARC = YES;
				CLANG_ENABLE_OBJC_WEAK = YES;
				CLANG_WARN_BLOCK_CAPTURE_AUTORELEASING = YES;
				CLANG_WARN_BOOL_CONVERSION = YES;
				CLANG_WARN_COMMA = YES;
				CLANG_WARN_CONSTANT_CONVERSION = YES;
				CLANG_WARN_DEPRECATED_OBJC_IMPLEMENTATIONS = YES;
				CLANG_WARN_DIRECT_OBJC_ISA_USAGE = YES_ERROR;
				CLANG_WARN_DOCUMENTATION_COMMENTS = YES;
				CLANG_WARN_EMPTY_BODY = YES;
				CLANG_WARN_ENUM_CONVERSION = YES;
				CLANG_WARN_INFINITE_RECURSION = YES;
				CLANG_WARN_INT_CONVERSION = YES;
				CLANG_WARN_NON_LITERAL_NULL_CONVERSION = YES;
				CLANG_WARN_OBJC_IMPLICIT_RETAIN_SELF = YES;
				CLANG_WARN_OBJC_LITERAL_CONVERSION = YES;
				CLANG_WARN_OBJC_ROOT_CLASS = YES_ERROR;
				CLANG_WARN_QUOTED_INCLUDE_IN_FRAMEWORK_HEADER = YES;
				CLANG_WARN_RANGE_LOOP_ANALYSIS = YES;
				CLANG_WARN_STRICT_PROTOTYPES = YES;
				CLANG_WARN_SUSPICIOUS_MOVE = YES;
				CLANG_WARN_UNGUARDED_AVAILABILITY = YES_AGGRESSIVE;
				CLANG_WARN_UNREACHABLE_CODE = YES;
				CLANG_WARN__DUPLICATE_METHOD_MATCH = YES;
				COPY_PHASE_STRIP = NO;
				DEBUG_INFORMATION_FORMAT = dwarf;
				ENABLE_STRICT_OBJC_MSGSEND = YES;
				ENABLE_TESTABILITY = YES;
				GCC_C_LANGUAGE_STANDARD = gnu11;
				GCC_DYNAMIC_NO_PIC = NO;
				GCC_NO_COMMON_BLOCKS = YES;
				GCC_OPTIMIZATION_LEVEL = 0;
				GCC_PREPROCESSOR_DEFINITIONS = (
					"DEBUG=1",
					"$(inherited)",
				);
				GCC_WARN_64_TO_32_BIT_CONVERSION = YES;
				GCC_WARN_ABOUT_RETURN_TYPE = YES_ERROR;
				GCC_WARN_UNDECLARED_SELECTOR = YES;
				GCC_WARN_UNINITIALIZED_AUTOS = YES_AGGRESSIVE;
				GCC_WARN_UNUSED_FUNCTION = YES;
				GCC_WARN_UNUSED_VARIABLE = YES;
				IPHONEOS_DEPLOYMENT_TARGET = 15.5;
				MTL_ENABLE_DEBUG_INFO = INCLUDE_SOURCE;
				MTL_FAST_MATH = YES;
				ONLY_ACTIVE_ARCH = YES;
				SDKROOT = iphoneos;
				SWIFT_ACTIVE_COMPILATION_CONDITIONS = DEBUG;
				SWIFT_OPTIMIZATION_LEVEL = "-Onone";
			};
			name = Debug;
		};
		7B4B2EEC288D33370081098B /* Release */ = {
			isa = XCBuildConfiguration;
			buildSettings = {
				ALWAYS_SEARCH_USER_PATHS = NO;
				CLANG_ANALYZER_NONNULL = YES;
				CLANG_ANALYZER_NUMBER_OBJECT_CONVERSION = YES_AGGRESSIVE;
				CLANG_CXX_LANGUAGE_STANDARD = "gnu++17";
				CLANG_ENABLE_MODULES = YES;
				CLANG_ENABLE_OBJC_ARC = YES;
				CLANG_ENABLE_OBJC_WEAK = YES;
				CLANG_WARN_BLOCK_CAPTURE_AUTORELEASING = YES;
				CLANG_WARN_BOOL_CONVERSION = YES;
				CLANG_WARN_COMMA = YES;
				CLANG_WARN_CONSTANT_CONVERSION = YES;
				CLANG_WARN_DEPRECATED_OBJC_IMPLEMENTATIONS = YES;
				CLANG_WARN_DIRECT_OBJC_ISA_USAGE = YES_ERROR;
				CLANG_WARN_DOCUMENTATION_COMMENTS = YES;
				CLANG_WARN_EMPTY_BODY = YES;
				CLANG_WARN_ENUM_CONVERSION = YES;
				CLANG_WARN_INFINITE_RECURSION = YES;
				CLANG_WARN_INT_CONVERSION = YES;
				CLANG_WARN_NON_LITERAL_NULL_CONVERSION = YES;
				CLANG_WARN_OBJC_IMPLICIT_RETAIN_SELF = YES;
				CLANG_WARN_OBJC_LITERAL_CONVERSION = YES;
				CLANG_WARN_OBJC_ROOT_CLASS = YES_ERROR;
				CLANG_WARN_QUOTED_INCLUDE_IN_FRAMEWORK_HEADER = YES;
				CLANG_WARN_RANGE_LOOP_ANALYSIS = YES;
				CLANG_WARN_STRICT_PROTOTYPES = YES;
				CLANG_WARN_SUSPICIOUS_MOVE = YES;
				CLANG_WARN_UNGUARDED_AVAILABILITY = YES_AGGRESSIVE;
				CLANG_WARN_UNREACHABLE_CODE = YES;
				CLANG_WARN__DUPLICATE_METHOD_MATCH = YES;
				COPY_PHASE_STRIP = NO;
				DEBUG_INFORMATION_FORMAT = "dwarf-with-dsym";
				ENABLE_NS_ASSERTIONS = NO;
				ENABLE_STRICT_OBJC_MSGSEND = YES;
				GCC_C_LANGUAGE_STANDARD = gnu11;
				GCC_NO_COMMON_BLOCKS = YES;
				GCC_WARN_64_TO_32_BIT_CONVERSION = YES;
				GCC_WARN_ABOUT_RETURN_TYPE = YES_ERROR;
				GCC_WARN_UNDECLARED_SELECTOR = YES;
				GCC_WARN_UNINITIALIZED_AUTOS = YES_AGGRESSIVE;
				GCC_WARN_UNUSED_FUNCTION = YES;
				GCC_WARN_UNUSED_VARIABLE = YES;
				IPHONEOS_DEPLOYMENT_TARGET = 15.5;
				MTL_ENABLE_DEBUG_INFO = NO;
				MTL_FAST_MATH = YES;
				SDKROOT = iphoneos;
				SWIFT_COMPILATION_MODE = wholemodule;
				SWIFT_OPTIMIZATION_LEVEL = "-O";
				VALIDATE_PRODUCT = YES;
			};
			name = Release;
		};
		7B4B2EEE288D33370081098B /* Debug */ = {
			isa = XCBuildConfiguration;
			buildSettings = {
				ASSETCATALOG_COMPILER_APPICON_NAME = AppIcon;
				ASSETCATALOG_COMPILER_GLOBAL_ACCENT_COLOR_NAME = AccentColor;
				CODE_SIGN_STYLE = Automatic;
				CURRENT_PROJECT_VERSION = 1;
				DEVELOPMENT_TEAM = 9F7BXCAFA2;
				GENERATE_INFOPLIST_FILE = YES;
				INFOPLIST_FILE = OutletConnectiions/Info.plist;
				INFOPLIST_KEY_UIApplicationSupportsIndirectInputEvents = YES;
				INFOPLIST_KEY_UILaunchStoryboardName = LaunchScreen;
				INFOPLIST_KEY_UIMainStoryboardFile = Main;
				INFOPLIST_KEY_UISupportedInterfaceOrientations_iPad = "UIInterfaceOrientationPortrait UIInterfaceOrientationPortraitUpsideDown UIInterfaceOrientationLandscapeLeft UIInterfaceOrientationLandscapeRight";
				INFOPLIST_KEY_UISupportedInterfaceOrientations_iPhone = "UIInterfaceOrientationPortrait UIInterfaceOrientationLandscapeLeft UIInterfaceOrientationLandscapeRight";
				LD_RUNPATH_SEARCH_PATHS = (
					"$(inherited)",
					"@executable_path/Frameworks",
				);
				MARKETING_VERSION = 1.0;
				PRODUCT_BUNDLE_IDENTIFIER = com.codewithkyo.OutletConnectiions;
				PRODUCT_NAME = "$(TARGET_NAME)";
				SWIFT_EMIT_LOC_STRINGS = YES;
				SWIFT_VERSION = 5.0;
				TARGETED_DEVICE_FAMILY = "1,2";
			};
			name = Debug;
		};
		7B4B2EEF288D33370081098B /* Release */ = {
			isa = XCBuildConfiguration;
			buildSettings = {
				ASSETCATALOG_COMPILER_APPICON_NAME = AppIcon;
				ASSETCATALOG_COMPILER_GLOBAL_ACCENT_COLOR_NAME = AccentColor;
				CODE_SIGN_STYLE = Automatic;
				CURRENT_PROJECT_VERSION = 1;
				DEVELOPMENT_TEAM = 9F7BXCAFA2;
				GENERATE_INFOPLIST_FILE = YES;
				INFOPLIST_FILE = OutletConnectiions/Info.plist;
				INFOPLIST_KEY_UIApplicationSupportsIndirectInputEvents = YES;
				INFOPLIST_KEY_UILaunchStoryboardName = LaunchScreen;
				INFOPLIST_KEY_UIMainStoryboardFile = Main;
				INFOPLIST_KEY_UISupportedInterfaceOrientations_iPad = "UIInterfaceOrientationPortrait UIInterfaceOrientationPortraitUpsideDown UIInterfaceOrientationLandscapeLeft UIInterfaceOrientationLandscapeRight";
				INFOPLIST_KEY_UISupportedInterfaceOrientations_iPhone = "UIInterfaceOrientationPortrait UIInterfaceOrientationLandscapeLeft UIInterfaceOrientationLandscapeRight";
				LD_RUNPATH_SEARCH_PATHS = (
					"$(inherited)",
					"@executable_path/Frameworks",
				);
				MARKETING_VERSION = 1.0;
				PRODUCT_BUNDLE_IDENTIFIER = com.codewithkyo.OutletConnectiions;
				PRODUCT_NAME = "$(TARGET_NAME)";
				SWIFT_EMIT_LOC_STRINGS = YES;
				SWIFT_VERSION = 5.0;
				TARGETED_DEVICE_FAMILY = "1,2";
			};
			name = Release;
		};
		7B4B2EF1288D33370081098B /* Debug */ = {
			isa = XCBuildConfiguration;
			buildSettings = {
				ALWAYS_EMBED_SWIFT_STANDARD_LIBRARIES = YES;
				BUNDLE_LOADER = "$(TEST_HOST)";
				CLANG_ENABLE_MODULES = YES;
				CODE_SIGN_STYLE = Automatic;
				CURRENT_PROJECT_VERSION = 1;
				DEVELOPMENT_TEAM = 9F7BXCAFA2;
				GENERATE_INFOPLIST_FILE = YES;
				IPHONEOS_DEPLOYMENT_TARGET = 15.5;
				LD_RUNPATH_SEARCH_PATHS = (
					"$(inherited)",
					"@executable_path/Frameworks",
					"@loader_path/Frameworks",
				);
				MARKETING_VERSION = 1.0;
				PRODUCT_BUNDLE_IDENTIFIER = com.codewithkyo.OutletConnectiionsTests;
				PRODUCT_NAME = "$(TARGET_NAME)";
				SWIFT_EMIT_LOC_STRINGS = NO;
				SWIFT_OPTIMIZATION_LEVEL = "-Onone";
				SWIFT_VERSION = 5.0;
				TARGETED_DEVICE_FAMILY = "1,2";
				TEST_HOST = "$(BUILT_PRODUCTS_DIR)/OutletConnectiions.app/OutletConnectiions";
			};
			name = Debug;
		};
		7B4B2EF2288D33370081098B /* Release */ = {
			isa = XCBuildConfiguration;
			buildSettings = {
				ALWAYS_EMBED_SWIFT_STANDARD_LIBRARIES = YES;
				BUNDLE_LOADER = "$(TEST_HOST)";
				CLANG_ENABLE_MODULES = YES;
				CODE_SIGN_STYLE = Automatic;
				CURRENT_PROJECT_VERSION = 1;
				DEVELOPMENT_TEAM = 9F7BXCAFA2;
				GENERATE_INFOPLIST_FILE = YES;
				IPHONEOS_DEPLOYMENT_TARGET = 15.5;
				LD_RUNPATH_SEARCH_PATHS = (
					"$(inherited)",
					"@executable_path/Frameworks",
					"@loader_path/Frameworks",
				);
				MARKETING_VERSION = 1.0;
				PRODUCT_BUNDLE_IDENTIFIER = com.codewithkyo.OutletConnectiionsTests;
				PRODUCT_NAME = "$(TARGET_NAME)";
				SWIFT_EMIT_LOC_STRINGS = NO;
				SWIFT_VERSION = 5.0;
				TARGETED_DEVICE_FAMILY = "1,2";
				TEST_HOST = "$(BUILT_PRODUCTS_DIR)/OutletConnectiions.app/OutletConnectiions";
			};
			name = Release;
		};
		7B4B2EF4288D33370081098B /* Debug */ = {
			isa = XCBuildConfiguration;
			buildSettings = {
				ALWAYS_EMBED_SWIFT_STANDARD_LIBRARIES = YES;
				CODE_SIGN_STYLE = Automatic;
				CURRENT_PROJECT_VERSION = 1;
				DEVELOPMENT_TEAM = 9F7BXCAFA2;
				GENERATE_INFOPLIST_FILE = YES;
				MARKETING_VERSION = 1.0;
				PRODUCT_BUNDLE_IDENTIFIER = com.codewithkyo.OutletConnectiionsUITests;
				PRODUCT_NAME = "$(TARGET_NAME)";
				SWIFT_EMIT_LOC_STRINGS = NO;
				SWIFT_VERSION = 5.0;
				TARGETED_DEVICE_FAMILY = "1,2";
				TEST_TARGET_NAME = OutletConnectiions;
			};
			name = Debug;
		};
		7B4B2EF5288D33370081098B /* Release */ = {
			isa = XCBuildConfiguration;
			buildSettings = {
				ALWAYS_EMBED_SWIFT_STANDARD_LIBRARIES = YES;
				CODE_SIGN_STYLE = Automatic;
				CURRENT_PROJECT_VERSION = 1;
				DEVELOPMENT_TEAM = 9F7BXCAFA2;
				GENERATE_INFOPLIST_FILE = YES;
				MARKETING_VERSION = 1.0;
				PRODUCT_BUNDLE_IDENTIFIER = com.codewithkyo.OutletConnectiionsUITests;
				PRODUCT_NAME = "$(TARGET_NAME)";
				SWIFT_EMIT_LOC_STRINGS = NO;
				SWIFT_VERSION = 5.0;
				TARGETED_DEVICE_FAMILY = "1,2";
				TEST_TARGET_NAME = OutletConnectiions;
			};
			name = Release;
		};
/* End XCBuildConfiguration section */

/* Begin XCConfigurationList section */
		7B4B2EBE288D332D0081098B /* Build configuration list for PBXProject "OutletConnectiions" */ = {
			isa = XCConfigurationList;
			buildConfigurations = (
				7B4B2EEB288D33370081098B /* Debug */,
				7B4B2EEC288D33370081098B /* Release */,
			);
			defaultConfigurationIsVisible = 0;
			defaultConfigurationName = Release;
		};
		7B4B2EED288D33370081098B /* Build configuration list for PBXNativeTarget "OutletConnectiions" */ = {
			isa = XCConfigurationList;
			buildConfigurations = (
				7B4B2EEE288D33370081098B /* Debug */,
				7B4B2EEF288D33370081098B /* Release */,
			);
			defaultConfigurationIsVisible = 0;
			defaultConfigurationName = Release;
		};
		7B4B2EF0288D33370081098B /* Build configuration list for PBXNativeTarget "OutletConnectiionsTests" */ = {
			isa = XCConfigurationList;
			buildConfigurations = (
				7B4B2EF1288D33370081098B /* Debug */,
				7B4B2EF2288D33370081098B /* Release */,
			);
			defaultConfigurationIsVisible = 0;
			defaultConfigurationName = Release;
		};
		7B4B2EF3288D33370081098B /* Build configuration list for PBXNativeTarget "OutletConnectiionsUITests" */ = {
			isa = XCConfigurationList;
			buildConfigurations = (
				7B4B2EF4288D33370081098B /* Debug */,
				7B4B2EF5288D33370081098B /* Release */,
			);
			defaultConfigurationIsVisible = 0;
			defaultConfigurationName = Release;
		};
/* End XCConfigurationList section */
	};
	rootObject = 7B4B2EBB288D332D0081098B /* Project object */;
}
